# THIS IS AN AUTOGENERATED FILE. DO NOT EDIT THIS FILE DIRECTLY.
# yarn lockfile v1


"@babel/runtime@^7.15.4":
  "integrity" "sha512-dQpEpK0O9o6lj6oPu0gRDbbnk+4LeHlNcBpspf6Olzt3GIX4P1lWF1gS+pHLDFlaJvbR6q7jCfQ08zA4QJBnmA=="
  "resolved" "https://registry.npmjs.org/@babel/runtime/-/runtime-7.17.8.tgz"
  "version" "7.17.8"
  dependencies:
    "regenerator-runtime" "^0.13.4"

"@node-redis/bloom@1.0.1":
  "integrity" "sha512-mXEBvEIgF4tUzdIN89LiYsbi6//EdpFA7L8M+DHCvePXg+bfHWi+ct5VI6nHUFQE5+ohm/9wmgihCH3HSkeKsw=="
  "resolved" "https://registry.npmjs.org/@node-redis/bloom/-/bloom-1.0.1.tgz"
  "version" "1.0.1"

"@node-redis/client@^1.0.0", "@node-redis/client@1.0.5":
  "integrity" "sha512-ESZ3bd1f+od62h4MaBLKum+klVJfA4wAeLHcVQBkoXa1l0viFesOWnakLQqKg+UyrlJhZmXJWtu0Y9v7iTMrig=="
  "resolved" "https://registry.npmjs.org/@node-redis/client/-/client-1.0.5.tgz"
  "version" "1.0.5"
  dependencies:
    "cluster-key-slot" "1.1.0"
    "generic-pool" "3.8.2"
    "redis-parser" "3.0.0"
    "yallist" "4.0.0"

"@node-redis/graph@1.0.0":
  "integrity" "sha512-mRSo8jEGC0cf+Rm7q8mWMKKKqkn6EAnA9IA2S3JvUv/gaWW/73vil7GLNwion2ihTptAm05I9LkepzfIXUKX5g=="
  "resolved" "https://registry.npmjs.org/@node-redis/graph/-/graph-1.0.0.tgz"
  "version" "1.0.0"

"@node-redis/json@1.0.2":
  "integrity" "sha512-qVRgn8WfG46QQ08CghSbY4VhHFgaTY71WjpwRBGEuqGPfWwfRcIf3OqSpR7Q/45X+v3xd8mvYjywqh0wqJ8T+g=="
  "resolved" "https://registry.npmjs.org/@node-redis/json/-/json-1.0.2.tgz"
  "version" "1.0.2"

"@node-redis/search@1.0.5":
  "integrity" "sha512-MCOL8iCKq4v+3HgEQv8zGlSkZyXSXtERgrAJ4TSryIG/eLFy84b57KmNNa/V7M1Q2Wd2hgn2nPCGNcQtk1R1OQ=="
  "resolved" "https://registry.npmjs.org/@node-redis/search/-/search-1.0.5.tgz"
  "version" "1.0.5"

"@node-redis/time-series@1.0.2":
  "integrity" "sha512-HGQ8YooJ8Mx7l28tD7XjtB3ImLEjlUxG1wC1PAjxu6hPJqjPshUZxAICzDqDjtIbhDTf48WXXUcx8TQJB1XTKA=="
  "resolved" "https://registry.npmjs.org/@node-redis/time-series/-/time-series-1.0.2.tgz"
  "version" "1.0.2"

"@types/lodash@^4.14.175":
  "integrity" "sha512-XOKXa1KIxtNXgASAnwj7cnttJxS4fksBRywK/9LzRV5YxrF80BXZIGeQSuoESQ/VkUj30Ae0+YcuHc15wJCB2g=="
  "resolved" "https://registry.npmjs.org/@types/lodash/-/lodash-4.14.180.tgz"
  "version" "4.14.180"

"axios@^0.26.1":
  "integrity" "sha512-fPwcX4EvnSHuInCMItEhAGnaSEXRBjtzh9fOtsE6E1G6p7vl7edEeZe11QHf18+6+9gR5PbKV/sGKNaD8YaMeA=="
  "resolved" "https://registry.npmjs.org/axios/-/axios-0.26.1.tgz"
  "version" "0.26.1"
  dependencies:
    "follow-redirects" "^1.14.8"

"cluster-key-slot@1.1.0":
  "integrity" "sha512-2Nii8p3RwAPiFwsnZvukotvow2rIHM+yQ6ZcBXGHdniadkYGZYiGmkHJIbZPIV9nfv7m/U1IPMVVcAhoWFeklw=="
  "resolved" "https://registry.npmjs.org/cluster-key-slot/-/cluster-key-slot-1.1.0.tgz"
  "version" "1.1.0"

"deepmerge@^2.1.1":
  "integrity" "sha512-R9hc1Xa/NOBi9WRVUWg19rl1UB7Tt4kuPd+thNJgFZoxXsTz7ncaPaeIm+40oSGuP33DfMb4sZt1QIGiJzC4EA=="
  "resolved" "https://registry.npmjs.org/deepmerge/-/deepmerge-2.2.1.tgz"
  "version" "2.2.1"

"follow-redirects@^1.14.8":
  "integrity" "sha512-MQDfihBQYMcyy5dhRDJUHcw7lb2Pv/TuE6xP1vyraLukNDHKbDxDNaOE3NbCAdKQApno+GPRyo1YAp89yCjK4w=="
  "resolved" "https://registry.npmjs.org/follow-redirects/-/follow-redirects-1.14.9.tgz"
  "version" "1.14.9"

"formik@^2.2.9":
  "integrity" "sha512-LQLcISMmf1r5at4/gyJigGn0gOwFbeEAlji+N9InZF6LIMXnFNkO42sCI8Jt84YZggpD4cPWObAZaxpEFtSzNA=="
  "resolved" "https://registry.npmjs.org/formik/-/formik-2.2.9.tgz"
  "version" "2.2.9"
  dependencies:
    "deepmerge" "^2.1.1"
    "hoist-non-react-statics" "^3.3.0"
    "lodash" "^4.17.21"
    "lodash-es" "^4.17.21"
    "react-fast-compare" "^2.0.1"
    "tiny-warning" "^1.0.2"
    "tslib" "^1.10.0"

"generic-pool@3.8.2":
  "integrity" "sha512-nGToKy6p3PAbYQ7p1UlWl6vSPwfwU6TMSWK7TTu+WUY4ZjyZQGniGGt2oNVvyNSpyZYSB43zMXVLcBm08MTMkg=="
  "resolved" "https://registry.npmjs.org/generic-pool/-/generic-pool-3.8.2.tgz"
  "version" "3.8.2"

"hoist-non-react-statics@^3.3.0":
  "integrity" "sha512-/gGivxi8JPKWNm/W0jSmzcMPpfpPLc3dY/6GxhX2hQ9iGj3aDfklV4ET7NjKpSinLpJ5vafa9iiGIEZg10SfBw=="
  "resolved" "https://registry.npmjs.org/hoist-non-react-statics/-/hoist-non-react-statics-3.3.2.tgz"
  "version" "3.3.2"
  dependencies:
    "react-is" "^16.7.0"

"lodash-es@^4.17.21":
  "integrity" "sha512-mKnC+QJ9pWVzv+C4/U3rRsHapFfHvQFoFB92e52xeyGMcX6/OlIl78je1u8vePzYZSkkogMPJ2yjxxsb89cxyw=="
  "resolved" "https://registry.npmjs.org/lodash-es/-/lodash-es-4.17.21.tgz"
  "version" "4.17.21"

"lodash@^4.17.21":
  "integrity" "sha512-v2kDEe57lecTulaDIuNTPy3Ry4gLGJ6Z1O3vE1krgXZNrsQ+LFTGHVxVjcXPs17LhbZVGedAJv8XZ1tvj5FvSg=="
  "resolved" "https://registry.npmjs.org/lodash/-/lodash-4.17.21.tgz"
  "version" "4.17.21"

"nanoclone@^0.2.1":
  "integrity" "sha512-wynEP02LmIbLpcYw8uBKpcfF6dmg2vcpKqxeH5UcoKEYdExslsdUA4ugFauuaeYdTB76ez6gJW8XAZ6CgkXYxA=="
  "resolved" "https://registry.npmjs.org/nanoclone/-/nanoclone-0.2.1.tgz"
  "version" "0.2.1"

"property-expr@^2.0.4":
  "integrity" "sha512-IJUkICM5dP5znhCckHSv30Q4b5/JA5enCtkRHYaOVOAocnH/1BQEYTC5NMfT3AVl/iXKdr3aqQbQn9DxyWknwA=="
  "resolved" "https://registry.npmjs.org/property-expr/-/property-expr-2.0.5.tgz"
  "version" "2.0.5"

"react-fast-compare@^2.0.1":
  "integrity" "sha512-suNP+J1VU1MWFKcyt7RtjiSWUjvidmQSlqu+eHslq+342xCbGTYmC0mEhPCOHxlW0CywylOC1u2DFAT+bv4dBw=="
  "resolved" "https://registry.npmjs.org/react-fast-compare/-/react-fast-compare-2.0.4.tgz"
  "version" "2.0.4"

"react-is@^16.7.0":
  "integrity" "sha512-24e6ynE2H+OKt4kqsOvNd8kBpV65zoxbA4BVsEOB3ARVWQki/DHzaUoC5KuON/BiccDaCCTZBuOcfZs70kR8bQ=="
  "resolved" "https://registry.npmjs.org/react-is/-/react-is-16.13.1.tgz"
  "version" "16.13.1"

"redis-errors@^1.0.0":
  "integrity" "sha1-62LSrbFeTq9GEMBK/hUpOEJQq60="
  "resolved" "https://registry.npmjs.org/redis-errors/-/redis-errors-1.2.0.tgz"
  "version" "1.2.0"

"redis-parser@3.0.0":
  "integrity" "sha1-tm2CjNyv5rS4pCin3vTGvKwxyLQ="
  "resolved" "https://registry.npmjs.org/redis-parser/-/redis-parser-3.0.0.tgz"
  "version" "3.0.0"
  dependencies:
    "redis-errors" "^1.0.0"

"redis@^4.0.6":
  "integrity" "sha512-IaPAxgF5dV0jx+A9l6yd6R9/PAChZIoAskDVRzUODeLDNhsMlq7OLLTmu0AwAr0xjrJ1bibW5xdpRwqIQ8Q0Xg=="
  "resolved" "https://registry.npmjs.org/redis/-/redis-4.0.6.tgz"
  "version" "4.0.6"
  dependencies:
    "@node-redis/bloom" "1.0.1"
    "@node-redis/client" "1.0.5"
    "@node-redis/graph" "1.0.0"
    "@node-redis/json" "1.0.2"
    "@node-redis/search" "1.0.5"
    "@node-redis/time-series" "1.0.2"

"regenerator-runtime@^0.13.4":
  "integrity" "sha512-p3VT+cOEgxFsRRA9X4lkI1E+k2/CtnKtU4gcxyaCUreilL/vqI6CdZ3wxVUx3UOUg+gnUOQQcRI7BmSI656MYA=="
  "resolved" "https://registry.npmjs.org/regenerator-runtime/-/regenerator-runtime-0.13.9.tgz"
  "version" "0.13.9"

"tiny-warning@^1.0.2":
  "integrity" "sha512-lBN9zLN/oAf68o3zNXYrdCt1kP8WsiGW8Oo2ka41b2IM5JL/S1CTyX1rW0mb/zSuJun0ZUrDxx4sqvYS2FWzPA=="
  "resolved" "https://registry.npmjs.org/tiny-warning/-/tiny-warning-1.0.3.tgz"
  "version" "1.0.3"

"toposort@^2.0.2":
  "integrity" "sha1-riF2gXXRVZ1IvvNUILL0li8JwzA="
  "resolved" "https://registry.npmjs.org/toposort/-/toposort-2.0.2.tgz"
  "version" "2.0.2"

"tslib@^1.10.0":
  "integrity" "sha512-Xni35NKzjgMrwevysHTCArtLDpPvye8zV/0E4EyYn43P7/7qvQwPh9BGkHewbMulVntbigmcT7rdX3BNo9wRJg=="
  "resolved" "https://registry.npmjs.org/tslib/-/tslib-1.14.1.tgz"
  "version" "1.14.1"

"yallist@4.0.0":
  "integrity" "sha512-3wdGidZyq5PB084XLES5TpOSRA3wjXAlIWMhum2kRcv/41Sn2emQ0dycQW4uZXLejwKvg6EsvbdlVL+FYEct7A=="
  "resolved" "https://registry.npmjs.org/yallist/-/yallist-4.0.0.tgz"
  "version" "4.0.0"

"yup@^0.32.11":
  "integrity" "sha512-Z2Fe1bn+eLstG8DRR6FTavGD+MeAwyfmouhHsIUgaADz8jvFKbO/fXc2trJKZg+5EBjh4gGm3iU/t3onKlXHIg=="
  "resolved" "https://registry.npmjs.org/yup/-/yup-0.32.11.tgz"
  "version" "0.32.11"
  dependencies:
    "@babel/runtime" "^7.15.4"
    "@types/lodash" "^4.14.175"
    "lodash" "^4.17.21"
    "lodash-es" "^4.17.21"
    "nanoclone" "^0.2.1"
    "property-expr" "^2.0.4"
    "toposort" "^2.0.2"
